%{
  "elixir_make": {:hex, :elixir_make, "0.4.0", "992f38fabe705bb45821a728f20914c554b276838433349d4f2341f7a687cddf", [], [], "hexpm"},
  "picam": {:hex, :picam, "0.1.0", "1275ea8f3dcede471b372b46640d4232bfd07e5ee5913cd478ebfffb086ca2c6", [], [{:elixir_make, "~> 0.4", [hex: :elixir_make, repo: "hexpm", optional: false]}], "hexpm"},
}
